
Microsoft Visual Studio Solution File, Format Version 12.00
# Visual Studio 15
VisualStudioVersion = 15.0.27703.2042
MinimumVisualStudioVersion = 10.0.40219.1
Project("{9A19103F-16F7-4668-BE54-9A1E7A4F7556}") = "BearFoods.BL", "BearFoods.BL\BearFoods.BL.csproj", "{34F00240-C983-4501-BA8F-9E04A3B7CA18}"
EndProject
Project("{9A19103F-16F7-4668-BE54-9A1E7A4F7556}") = "BearFoods.BL.Tests", "BearFoods.BL.Tests\BearFoods.BL.Tests.csproj", "{F6F3D5ED-5E4E-497E-AB06-46294120A1E7}"
EndProject
Project("{FAE04EC0-301F-11D3-BF4B-00C04F79EFBC}") = "BearFoods.Web", "BearFoods.Web\BearFoods.Web.csproj", "{0E7EF72C-3EAC-4234-BE74-407CA5673C3D}"
EndProject
Global
	GlobalSection(SolutionConfigurationPlatforms) = preSolution
		Debug|Any CPU = Debug|Any CPU
		Release|Any CPU = Release|Any CPU
	EndGlobalSection
	GlobalSection(ProjectConfigurationPlatforms) = postSolution
		{34F00240-C983-4501-BA8F-9E04A3B7CA18}.Debug|Any CPU.ActiveCfg = Debug|Any CPU
		{34F00240-C983-4501-BA8F-9E04A3B7CA18}.Debug|Any CPU.Build.0 = Debug|Any CPU
		{34F00240-C983-4501-BA8F-9E04A3B7CA18}.Release|Any CPU.ActiveCfg = Release|Any CPU
		{34F00240-C983-4501-BA8F-9E04A3B7CA18}.Release|Any CPU.Build.0 = Release|Any CPU
		{F6F3D5ED-5E4E-497E-AB06-46294120A1E7}.Debug|Any CPU.ActiveCfg = Debug|Any CPU
		{F6F3D5ED-5E4E-497E-AB06-46294120A1E7}.Debug|Any CPU.Build.0 = Debug|Any CPU
		{F6F3D5ED-5E4E-497E-AB06-46294120A1E7}.Release|Any CPU.ActiveCfg = Release|Any CPU
		{F6F3D5ED-5E4E-497E-AB06-46294120A1E7}.Release|Any CPU.Build.0 = Release|Any CPU
		{0E7EF72C-3EAC-4234-BE74-407CA5673C3D}.Debug|Any CPU.ActiveCfg = Debug|Any CPU
		{0E7EF72C-3EAC-4234-BE74-407CA5673C3D}.Debug|Any CPU.Build.0 = Debug|Any CPU
		{0E7EF72C-3EAC-4234-BE74-407CA5673C3D}.Release|Any CPU.ActiveCfg = Release|Any CPU
		{0E7EF72C-3EAC-4234-BE74-407CA5673C3D}.Release|Any CPU.Build.0 = Release|Any CPU
	EndGlobalSection
	GlobalSection(SolutionProperties) = preSolution
		HideSolutionNode = FALSE
	EndGlobalSection
	GlobalSection(ExtensibilityGlobals) = postSolution
		SolutionGuid = {E12C5701-DEEB-4733-A355-FFF118D9E086}
	EndGlobalSection
EndGlobal
